{
  "name": "fl4mxr1Website",
  "lockfileVersion": 3,
  "requires": true,
  "packages": {
    "": {
      "dependencies": {
        "@floating-ui/dom": "^1.6.9"
      }
    },
    "node_modules/@floating-ui/core": {
      "version": "1.6.6",
      "resolved": "https://registry.npmjs.org/@floating-ui/core/-/core-1.6.6.tgz",
      "integrity": "sha512-Vkvsw6EcpMHjvZZdMkSY+djMGFbt7CRssW99Ne8tar2WLnZ/l3dbxeTShbLQj+/s35h+Qb4cmnob+EzwtjrXGQ==",
      "dependencies": {
        "@floating-ui/utils": "^0.2.6"
      }
    },
    "node_modules/@floating-ui/dom": {
      "version": "1.6.9",
      "resolved": "https://registry.npmjs.org/@floating-ui/dom/-/dom-1.6.9.tgz",
      "integrity": "sha512-zB1PcI350t4tkm3rvUhSRKa9sT7vH5CrAbQxW+VaPYJXKAO0gsg4CTueL+6Ajp7XzAQC8CW4Jj1Wgqc0sB6oUQ==",
      "dependencies": {
        "@floating-ui/core": "^1.6.0",
        "@floating-ui/utils": "^0.2.6"
      }
    },
    "node_modules/@floating-ui/utils": {
      "version": "0.2.6",
      "resolved": "https://registry.npmjs.org/@floating-ui/utils/-/utils-0.2.6.tgz",
      "integrity": "sha512-0KI3zGxIUs1KDR/pjQPdJH4Z8nGBm0yJ5WRoRfdw1Kzeh45jkIfA0rmD0kBF6fKHH+xaH7g8y4jIXyAV5MGK3g=="
    }
  }
}
